
Microsoft Visual Studio Solution File, Format Version 12.00
# Visual Studio 15
VisualStudioVersion = 15.0.28307.271
MinimumVisualStudioVersion = 10.0.40219.1
Project("{FAE04EC0-301F-11D3-BF4B-00C04F79EFBC}") = "WebScraper", "WebScraper\WebScraper.csproj", "{DA7116D3-FC86-4CE1-BBEE-55BA2E6092BC}"
EndProject
Global
	GlobalSection(SolutionConfigurationPlatforms) = preSolution
		Debug|Any CPU = Debug|Any CPU
		Release|Any CPU = Release|Any CPU
	EndGlobalSection
	GlobalSection(ProjectConfigurationPlatforms) = postSolution
		{DA7116D3-FC86-4CE1-BBEE-55BA2E6092BC}.Debug|Any CPU.ActiveCfg = Debug|Any CPU
		{DA7116D3-FC86-4CE1-BBEE-55BA2E6092BC}.Debug|Any CPU.Build.0 = Debug|Any CPU
		{DA7116D3-FC86-4CE1-BBEE-55BA2E6092BC}.Release|Any CPU.ActiveCfg = Release|Any CPU
		{DA7116D3-FC86-4CE1-BBEE-55BA2E6092BC}.Release|Any CPU.Build.0 = Release|Any CPU
	EndGlobalSection
	GlobalSection(SolutionProperties) = preSolution
		HideSolutionNode = FALSE
	EndGlobalSection
	GlobalSection(ExtensibilityGlobals) = postSolution
		SolutionGuid = {FB67CFBB-B2DF-4C28-8183-D4F733FA7008}
	EndGlobalSection
EndGlobal
